// !$*UTF8*$!
{
	archiveVersion = 1;
	classes = {
	};
	objectVersion = 77;
	objects = {

/* Begin PBXContainerItemProxy section */
		31EE68E22D734DB90078F675 /* PBXContainerItemProxy */ = {
			isa = PBXContainerItemProxy;
			containerPortal = 31EE68C92D734DB80078F675 /* Project object */;
			proxyType = 1;
			remoteGlobalIDString = 31EE68D02D734DB80078F675;
			remoteInfo = SUPERSET25;
		};
		31EE68EC2D734DB90078F675 /* PBXContainerItemProxy */ = {
			isa = PBXContainerItemProxy;
			containerPortal = 31EE68C92D734DB80078F675 /* Project object */;
			proxyType = 1;
			remoteGlobalIDString = 31EE68D02D734DB80078F675;
			remoteInfo = SUPERSET25;
		};
/* End PBXContainerItemProxy section */

/* Begin PBXFileReference section */
		31EE68D12D734DB80078F675 /* SUPERSET25.app */ = {isa = PBXFileReference; explicitFileType = wrapper.application; includeInIndex = 0; path = SUPERSET25.app; sourceTree = BUILT_PRODUCTS_DIR; };
		31EE68E12D734DB90078F675 /* SUPERSET25Tests.xctest */ = {isa = PBXFileReference; explicitFileType = wrapper.cfbundle; includeInIndex = 0; path = SUPERSET25Tests.xctest; sourceTree = BUILT_PRODUCTS_DIR; };
		31EE68EB2D734DB90078F675 /* SUPERSET25UITests.xctest */ = {isa = PBXFileReference; explicitFileType = wrapper.cfbundle; includeInIndex = 0; path = SUPERSET25UITests.xctest; sourceTree = BUILT_PRODUCTS_DIR; };
/* End PBXFileReference section */

/* Begin PBXFileSystemSynchronizedRootGroup section */
		31EE68D32D734DB80078F675 /* SUPERSET25 */ = {
			isa = PBXFileSystemSynchronizedRootGroup;
			path = SUPERSET25;
			sourceTree = "<group>";
		};
		31EE68E42D734DB90078F675 /* SUPERSET25Tests */ = {
			isa = PBXFileSystemSynchronizedRootGroup;
			path = SUPERSET25Tests;
			sourceTree = "<group>";
		};
		31EE68EE2D734DB90078F675 /* SUPERSET25UITests */ = {
			isa = PBXFileSystemSynchronizedRootGroup;
			path = SUPERSET25UITests;
			sourceTree = "<group>";
		};
/* End PBXFileSystemSynchronizedRootGroup section */

/* Begin PBXFrameworksBuildPhase section */
		31EE68CE2D734DB80078F675 /* Frameworks */ = {
			isa = PBXFrameworksBuildPhase;
			buildActionMask = 2147483647;
			files = (
			);
			runOnlyForDeploymentPostprocessing = 0;
		};
		31EE68DE2D734DB90078F675 /* Frameworks */ = {
			isa = PBXFrameworksBuildPhase;
			buildActionMask = 2147483647;
			files = (
			);
			runOnlyForDeploymentPostprocessing = 0;
		};
		31EE68E82D734DB90078F675 /* Frameworks */ = {
			isa = PBXFrameworksBuildPhase;
			buildActionMask = 2147483647;
			files = (
			);
			runOnlyForDeploymentPostprocessing = 0;
		};
/* End PBXFrameworksBuildPhase section */

/* Begin PBXGroup section */
		31EE68C82D734DB80078F675 = {
			isa = PBXGroup;
			children = (
				31EE68D32D734DB80078F675 /* SUPERSET25 */,
				31EE68E42D734DB90078F675 /* SUPERSET25Tests */,
				31EE68EE2D734DB90078F675 /* SUPERSET25UITests */,
				31EE68D22D734DB80078F675 /* Products */,
			);
			sourceTree = "<group>";
		};
		31EE68D22D734DB80078F675 /* Products */ = {
			isa = PBXGroup;
			children = (
				31EE68D12D734DB80078F675 /* SUPERSET25.app */,
				31EE68E12D734DB90078F675 /* SUPERSET25Tests.xctest */,
				31EE68EB2D734DB90078F675 /* SUPERSET25UITests.xctest */,
			);
			name = Products;
			sourceTree = "<group>";
		};
/* End PBXGroup section */

/* Begin PBXNativeTarget section */
		31EE68D02D734DB80078F675 /* SUPERSET25 */ = {
			isa = PBXNativeTarget;
			buildConfigurationList = 31EE68F52D734DB90078F675 /* Build configuration list for PBXNativeTarget "SUPERSET25" */;
			buildPhases = (
				31EE68CD2D734DB80078F675 /* Sources */,
				31EE68CE2D734DB80078F675 /* Frameworks */,
				31EE68CF2D734DB80078F675 /* Resources */,
			);
			buildRules = (
			);
			dependencies = (
			);
			fileSystemSynchronizedGroups = (
				31EE68D32D734DB80078F675 /* SUPERSET25 */,
			);
			name = SUPERSET25;
			packageProductDependencies = (
			);
			productName = SUPERSET25;
			productReference = 31EE68D12D734DB80078F675 /* SUPERSET25.app */;
			productType = "com.apple.product-type.application";
		};
		31EE68E02D734DB90078F675 /* SUPERSET25Tests */ = {
			isa = PBXNativeTarget;
			buildConfigurationList = 31EE68F82D734DB90078F675 /* Build configuration list for PBXNativeTarget "SUPERSET25Tests" */;
			buildPhases = (
				31EE68DD2D734DB90078F675 /* Sources */,
				31EE68DE2D734DB90078F675 /* Frameworks */,
				31EE68DF2D734DB90078F675 /* Resources */,
			);
			buildRules = (
			);
			dependencies = (
				31EE68E32D734DB90078F675 /* PBXTargetDependency */,
			);
			fileSystemSynchronizedGroups = (
				31EE68E42D734DB90078F675 /* SUPERSET25Tests */,
			);
			name = SUPERSET25Tests;
			packageProductDependencies = (
			);
			productName = SUPERSET25Tests;
			productReference = 31EE68E12D734DB90078F675 /* SUPERSET25Tests.xctest */;
			productType = "com.apple.product-type.bundle.unit-test";
		};
		31EE68EA2D734DB90078F675 /* SUPERSET25UITests */ = {
			isa = PBXNativeTarget;
			buildConfigurationList = 31EE68FB2D734DB90078F675 /* Build configuration list for PBXNativeTarget "SUPERSET25UITests" */;
			buildPhases = (
				31EE68E72D734DB90078F675 /* Sources */,
				31EE68E82D734DB90078F675 /* Frameworks */,
				31EE68E92D734DB90078F675 /* Resources */,
			);
			buildRules = (
			);
			dependencies = (
				31EE68ED2D734DB90078F675 /* PBXTargetDependency */,
			);
			fileSystemSynchronizedGroups = (
				31EE68EE2D734DB90078F675 /* SUPERSET25UITests */,
			);
			name = SUPERSET25UITests;
			packageProductDependencies = (
			);
			productName = SUPERSET25UITests;
			productReference = 31EE68EB2D734DB90078F675 /* SUPERSET25UITests.xctest */;
			productType = "com.apple.product-type.bundle.ui-testing";
		};
/* End PBXNativeTarget section */

/* Begin PBXProject section */
		31EE68C92D734DB80078F675 /* Project object */ = {
			isa = PBXProject;
			attributes = {
				BuildIndependentTargetsInParallel = 1;
				LastSwiftUpdateCheck = 1620;
				LastUpgradeCheck = 1620;
				TargetAttributes = {
					31EE68D02D734DB80078F675 = {
						CreatedOnToolsVersion = 16.2;
					};
					31EE68E02D734DB90078F675 = {
						CreatedOnToolsVersion = 16.2;
						TestTargetID = 31EE68D02D734DB80078F675;
					};
					31EE68EA2D734DB90078F675 = {
						CreatedOnToolsVersion = 16.2;
						TestTargetID = 31EE68D02D734DB80078F675;
					};
				};
			};
			buildConfigurationList = 31EE68CC2D734DB80078F675 /* Build configuration list for PBXProject "SUPERSET25" */;
			developmentRegion = en;
			hasScannedForEncodings = 0;
			knownRegions = (
				en,
				Base,
			);
			mainGroup = 31EE68C82D734DB80078F675;
			minimizedProjectReferenceProxies = 1;
			preferredProjectObjectVersion = 77;
			productRefGroup = 31EE68D22D734DB80078F675 /* Products */;
			projectDirPath = "";
			projectRoot = "";
			targets = (
				31EE68D02D734DB80078F675 /* SUPERSET25 */,
				31EE68E02D734DB90078F675 /* SUPERSET25Tests */,
				31EE68EA2D734DB90078F675 /* SUPERSET25UITests */,
			);
		};
/* End PBXProject section */

/* Begin PBXResourcesBuildPhase section */
		31EE68CF2D734DB80078F675 /* Resources */ = {
			isa = PBXResourcesBuildPhase;
			buildActionMask = 2147483647;
			files = (
			);
			runOnlyForDeploymentPostprocessing = 0;
		};
		31EE68DF2D734DB90078F675 /* Resources */ = {
			isa = PBXResourcesBuildPhase;
			buildActionMask = 2147483647;
			files = (
			);
			runOnlyForDeploymentPostprocessing = 0;
		};
		31EE68E92D734DB90078F675 /* Resources */ = {
			isa = PBXResourcesBuildPhase;
			buildActionMask = 2147483647;
			files = (
			);
			runOnlyForDeploymentPostprocessing = 0;
		};
/* End PBXResourcesBuildPhase section */

/* Begin PBXSourcesBuildPhase section */
		31EE68CD2D734DB80078F675 /* Sources */ = {
			isa = PBXSourcesBuildPhase;
			buildActionMask = 2147483647;
			files = (
			);
			runOnlyForDeploymentPostprocessing = 0;
		};
		31EE68DD2D734DB90078F675 /* Sources */ = {
			isa = PBXSourcesBuildPhase;
			buildActionMask = 2147483647;
			files = (
			);
			runOnlyForDeploymentPostprocessing = 0;
		};
		31EE68E72D734DB90078F675 /* Sources */ = {
			isa = PBXSourcesBuildPhase;
			buildActionMask = 2147483647;
			files = (
			);
			runOnlyForDeploymentPostprocessing = 0;
		};
/* End PBXSourcesBuildPhase section */

/* Begin PBXTargetDependency section */
		31EE68E32D734DB90078F675 /* PBXTargetDependency */ = {
			isa = PBXTargetDependency;
			target = 31EE68D02D734DB80078F675 /* SUPERSET25 */;
			targetProxy = 31EE68E22D734DB90078F675 /* PBXContainerItemProxy */;
		};
		31EE68ED2D734DB90078F675 /* PBXTargetDependency */ = {
			isa = PBXTargetDependency;
			target = 31EE68D02D734DB80078F675 /* SUPERSET25 */;
			targetProxy = 31EE68EC2D734DB90078F675 /* PBXContainerItemProxy */;
		};
/* End PBXTargetDependency section */

/* Begin XCBuildConfiguration section */
		31EE68F32D734DB90078F675 /* Debug */ = {
			isa = XCBuildConfiguration;
			buildSettings = {
				ALWAYS_SEARCH_USER_PATHS = NO;
				ASSETCATALOG_COMPILER_GENERATE_SWIFT_ASSET_SYMBOL_EXTENSIONS = YES;
				CLANG_ANALYZER_NONNULL = YES;
				CLANG_ANALYZER_NUMBER_OBJECT_CONVERSION = YES_AGGRESSIVE;
				CLANG_CXX_LANGUAGE_STANDARD = "gnu++20";
				CLANG_ENABLE_MODULES = YES;
				CLANG_ENABLE_OBJC_ARC = YES;
				CLANG_ENABLE_OBJC_WEAK = YES;
				CLANG_WARN_BLOCK_CAPTURE_AUTORELEASING = YES;
				CLANG_WARN_BOOL_CONVERSION = YES;
				CLANG_WARN_COMMA = YES;
				CLANG_WARN_CONSTANT_CONVERSION = YES;
				CLANG_WARN_DEPRECATED_OBJC_IMPLEMENTATIONS = YES;
				CLANG_WARN_DIRECT_OBJC_ISA_USAGE = YES_ERROR;
				CLANG_WARN_DOCUMENTATION_COMMENTS = YES;
				CLANG_WARN_EMPTY_BODY = YES;
				CLANG_WARN_ENUM_CONVERSION = YES;
				CLANG_WARN_INFINITE_RECURSION = YES;
				CLANG_WARN_INT_CONVERSION = YES;
				CLANG_WARN_NON_LITERAL_NULL_CONVERSION = YES;
				CLANG_WARN_OBJC_IMPLICIT_RETAIN_SELF = YES;
				CLANG_WARN_OBJC_LITERAL_CONVERSION = YES;
				CLANG_WARN_OBJC_ROOT_CLASS = YES_ERROR;
				CLANG_WARN_QUOTED_INCLUDE_IN_FRAMEWORK_HEADER = YES;
				CLANG_WARN_RANGE_LOOP_ANALYSIS = YES;
				CLANG_WARN_STRICT_PROTOTYPES = YES;
				CLANG_WARN_SUSPICIOUS_MOVE = YES;
				CLANG_WARN_UNGUARDED_AVAILABILITY = YES_AGGRESSIVE;
				CLANG_WARN_UNREACHABLE_CODE = YES;
				CLANG_WARN__DUPLICATE_METHOD_MATCH = YES;
				COPY_PHASE_STRIP = NO;
				DEBUG_INFORMATION_FORMAT = dwarf;
				ENABLE_STRICT_OBJC_MSGSEND = YES;
				ENABLE_TESTABILITY = YES;
				ENABLE_USER_SCRIPT_SANDBOXING = YES;
				GCC_C_LANGUAGE_STANDARD = gnu17;
				GCC_DYNAMIC_NO_PIC = NO;
				GCC_NO_COMMON_BLOCKS = YES;
				GCC_OPTIMIZATION_LEVEL = 0;
				GCC_PREPROCESSOR_DEFINITIONS = (
					"DEBUG=1",
					"$(inherited)",
				);
				GCC_WARN_64_TO_32_BIT_CONVERSION = YES;
				GCC_WARN_ABOUT_RETURN_TYPE = YES_ERROR;
				GCC_WARN_UNDECLARED_SELECTOR = YES;
				GCC_WARN_UNINITIALIZED_AUTOS = YES_AGGRESSIVE;
				GCC_WARN_UNUSED_FUNCTION = YES;
				GCC_WARN_UNUSED_VARIABLE = YES;
				IPHONEOS_DEPLOYMENT_TARGET = 18.2;
				LOCALIZATION_PREFERS_STRING_CATALOGS = YES;
				MTL_ENABLE_DEBUG_INFO = INCLUDE_SOURCE;
				MTL_FAST_MATH = YES;
				ONLY_ACTIVE_ARCH = YES;
				SDKROOT = iphoneos;
				SWIFT_ACTIVE_COMPILATION_CONDITIONS = "DEBUG $(inherited)";
				SWIFT_OPTIMIZATION_LEVEL = "-Onone";
			};
			name = Debug;
		};
		31EE68F42D734DB90078F675 /* Release */ = {
			isa = XCBuildConfiguration;
			buildSettings = {
				ALWAYS_SEARCH_USER_PATHS = NO;
				ASSETCATALOG_COMPILER_GENERATE_SWIFT_ASSET_SYMBOL_EXTENSIONS = YES;
				CLANG_ANALYZER_NONNULL = YES;
				CLANG_ANALYZER_NUMBER_OBJECT_CONVERSION = YES_AGGRESSIVE;
				CLANG_CXX_LANGUAGE_STANDARD = "gnu++20";
				CLANG_ENABLE_MODULES = YES;
				CLANG_ENABLE_OBJC_ARC = YES;
				CLANG_ENABLE_OBJC_WEAK = YES;
				CLANG_WARN_BLOCK_CAPTURE_AUTORELEASING = YES;
				CLANG_WARN_BOOL_CONVERSION = YES;
				CLANG_WARN_COMMA = YES;
				CLANG_WARN_CONSTANT_CONVERSION = YES;
				CLANG_WARN_DEPRECATED_OBJC_IMPLEMENTATIONS = YES;
				CLANG_WARN_DIRECT_OBJC_ISA_USAGE = YES_ERROR;
				CLANG_WARN_DOCUMENTATION_COMMENTS = YES;
				CLANG_WARN_EMPTY_BODY = YES;
				CLANG_WARN_ENUM_CONVERSION = YES;
				CLANG_WARN_INFINITE_RECURSION = YES;
				CLANG_WARN_INT_CONVERSION = YES;
				CLANG_WARN_NON_LITERAL_NULL_CONVERSION = YES;
				CLANG_WARN_OBJC_IMPLICIT_RETAIN_SELF = YES;
				CLANG_WARN_OBJC_LITERAL_CONVERSION = YES;
				CLANG_WARN_OBJC_ROOT_CLASS = YES_ERROR;
				CLANG_WARN_QUOTED_INCLUDE_IN_FRAMEWORK_HEADER = YES;
				CLANG_WARN_RANGE_LOOP_ANALYSIS = YES;
				CLANG_WARN_STRICT_PROTOTYPES = YES;
				CLANG_WARN_SUSPICIOUS_MOVE = YES;
				CLANG_WARN_UNGUARDED_AVAILABILITY = YES_AGGRESSIVE;
				CLANG_WARN_UNREACHABLE_CODE = YES;
				CLANG_WARN__DUPLICATE_METHOD_MATCH = YES;
				COPY_PHASE_STRIP = NO;
				DEBUG_INFORMATION_FORMAT = "dwarf-with-dsym";
				ENABLE_NS_ASSERTIONS = NO;
				ENABLE_STRICT_OBJC_MSGSEND = YES;
				ENABLE_USER_SCRIPT_SANDBOXING = YES;
				GCC_C_LANGUAGE_STANDARD = gnu17;
				GCC_NO_COMMON_BLOCKS = YES;
				GCC_WARN_64_TO_32_BIT_CONVERSION = YES;
				GCC_WARN_ABOUT_RETURN_TYPE = YES_ERROR;
				GCC_WARN_UNDECLARED_SELECTOR = YES;
				GCC_WARN_UNINITIALIZED_AUTOS = YES_AGGRESSIVE;
				GCC_WARN_UNUSED_FUNCTION = YES;
				GCC_WARN_UNUSED_VARIABLE = YES;
				IPHONEOS_DEPLOYMENT_TARGET = 18.2;
				LOCALIZATION_PREFERS_STRING_CATALOGS = YES;
				MTL_ENABLE_DEBUG_INFO = NO;
				MTL_FAST_MATH = YES;
				SDKROOT = iphoneos;
				SWIFT_COMPILATION_MODE = wholemodule;
				VALIDATE_PRODUCT = YES;
			};
			name = Release;
		};
		31EE68F62D734DB90078F675 /* Debug */ = {
			isa = XCBuildConfiguration;
			buildSettings = {
				ASSETCATALOG_COMPILER_APPICON_NAME = AppIcon;
				ASSETCATALOG_COMPILER_GLOBAL_ACCENT_COLOR_NAME = AccentColor;
				CODE_SIGN_STYLE = Automatic;
				CURRENT_PROJECT_VERSION = 1;
				DEVELOPMENT_ASSET_PATHS = "\"SUPERSET25/Preview Content\"";
				DEVELOPMENT_TEAM = 8DK8FRQFUT;
				ENABLE_PREVIEWS = YES;
				GENERATE_INFOPLIST_FILE = YES;
				INFOPLIST_KEY_UIApplicationSceneManifest_Generation = YES;
				INFOPLIST_KEY_UIApplicationSupportsIndirectInputEvents = YES;
				INFOPLIST_KEY_UILaunchScreen_Generation = YES;
				INFOPLIST_KEY_UISupportedInterfaceOrientations_iPad = "UIInterfaceOrientationPortrait UIInterfaceOrientationPortraitUpsideDown UIInterfaceOrientationLandscapeLeft UIInterfaceOrientationLandscapeRight";
				INFOPLIST_KEY_UISupportedInterfaceOrientations_iPhone = "UIInterfaceOrientationPortrait UIInterfaceOrientationLandscapeLeft UIInterfaceOrientationLandscapeRight";
				LD_RUNPATH_SEARCH_PATHS = (
					"$(inherited)",
					"@executable_path/Frameworks",
				);
				MARKETING_VERSION = 1.0;
				PRODUCT_BUNDLE_IDENTIFIER = com.braamenco.SUPERSET25;
				PRODUCT_NAME = "$(TARGET_NAME)";
				SWIFT_EMIT_LOC_STRINGS = YES;
				SWIFT_VERSION = 5.0;
				TARGETED_DEVICE_FAMILY = "1,2";
			};
			name = Debug;
		};
		31EE68F72D734DB90078F675 /* Release */ = {
			isa = XCBuildConfiguration;
			buildSettings = {
				ASSETCATALOG_COMPILER_APPICON_NAME = AppIcon;
				ASSETCATALOG_COMPILER_GLOBAL_ACCENT_COLOR_NAME = AccentColor;
				CODE_SIGN_STYLE = Automatic;
				CURRENT_PROJECT_VERSION = 1;
				DEVELOPMENT_ASSET_PATHS = "\"SUPERSET25/Preview Content\"";
				DEVELOPMENT_TEAM = 8DK8FRQFUT;
				ENABLE_PREVIEWS = YES;
				GENERATE_INFOPLIST_FILE = YES;
				INFOPLIST_KEY_UIApplicationSceneManifest_Generation = YES;
				INFOPLIST_KEY_UIApplicationSupportsIndirectInputEvents = YES;
				INFOPLIST_KEY_UILaunchScreen_Generation = YES;
				INFOPLIST_KEY_UISupportedInterfaceOrientations_iPad = "UIInterfaceOrientationPortrait UIInterfaceOrientationPortraitUpsideDown UIInterfaceOrientationLandscapeLeft UIInterfaceOrientationLandscapeRight";
				INFOPLIST_KEY_UISupportedInterfaceOrientations_iPhone = "UIInterfaceOrientationPortrait UIInterfaceOrientationLandscapeLeft UIInterfaceOrientationLandscapeRight";
				LD_RUNPATH_SEARCH_PATHS = (
					"$(inherited)",
					"@executable_path/Frameworks",
				);
				MARKETING_VERSION = 1.0;
				PRODUCT_BUNDLE_IDENTIFIER = com.braamenco.SUPERSET25;
				PRODUCT_NAME = "$(TARGET_NAME)";
				SWIFT_EMIT_LOC_STRINGS = YES;
				SWIFT_VERSION = 5.0;
				TARGETED_DEVICE_FAMILY = "1,2";
			};
			name = Release;
		};
		31EE68F92D734DB90078F675 /* Debug */ = {
			isa = XCBuildConfiguration;
			buildSettings = {
				BUNDLE_LOADER = "$(TEST_HOST)";
				CODE_SIGN_STYLE = Automatic;
				CURRENT_PROJECT_VERSION = 1;
				DEVELOPMENT_TEAM = 8DK8FRQFUT;
				GENERATE_INFOPLIST_FILE = YES;
				IPHONEOS_DEPLOYMENT_TARGET = 18.2;
				MARKETING_VERSION = 1.0;
				PRODUCT_BUNDLE_IDENTIFIER = com.braamenco.SUPERSET25Tests;
				PRODUCT_NAME = "$(TARGET_NAME)";
				SWIFT_EMIT_LOC_STRINGS = NO;
				SWIFT_VERSION = 5.0;
				TARGETED_DEVICE_FAMILY = "1,2";
				TEST_HOST = "$(BUILT_PRODUCTS_DIR)/SUPERSET25.app/$(BUNDLE_EXECUTABLE_FOLDER_PATH)/SUPERSET25";
			};
			name = Debug;
		};
		31EE68FA2D734DB90078F675 /* Release */ = {
			isa = XCBuildConfiguration;
			buildSettings = {
				BUNDLE_LOADER = "$(TEST_HOST)";
				CODE_SIGN_STYLE = Automatic;
				CURRENT_PROJECT_VERSION = 1;
				DEVELOPMENT_TEAM = 8DK8FRQFUT;
				GENERATE_INFOPLIST_FILE = YES;
				IPHONEOS_DEPLOYMENT_TARGET = 18.2;
				MARKETING_VERSION = 1.0;
				PRODUCT_BUNDLE_IDENTIFIER = com.braamenco.SUPERSET25Tests;
				PRODUCT_NAME = "$(TARGET_NAME)";
				SWIFT_EMIT_LOC_STRINGS = NO;
				SWIFT_VERSION = 5.0;
				TARGETED_DEVICE_FAMILY = "1,2";
				TEST_HOST = "$(BUILT_PRODUCTS_DIR)/SUPERSET25.app/$(BUNDLE_EXECUTABLE_FOLDER_PATH)/SUPERSET25";
			};
			name = Release;
		};
		31EE68FC2D734DB90078F675 /* Debug */ = {
			isa = XCBuildConfiguration;
			buildSettings = {
				CODE_SIGN_STYLE = Automatic;
				CURRENT_PROJECT_VERSION = 1;
				DEVELOPMENT_TEAM = 8DK8FRQFUT;
				GENERATE_INFOPLIST_FILE = YES;
				MARKETING_VERSION = 1.0;
				PRODUCT_BUNDLE_IDENTIFIER = com.braamenco.SUPERSET25UITests;
				PRODUCT_NAME = "$(TARGET_NAME)";
				SWIFT_EMIT_LOC_STRINGS = NO;
				SWIFT_VERSION = 5.0;
				TARGETED_DEVICE_FAMILY = "1,2";
				TEST_TARGET_NAME = SUPERSET25;
			};
			name = Debug;
		};
		31EE68FD2D734DB90078F675 /* Release */ = {
			isa = XCBuildConfiguration;
			buildSettings = {
				CODE_SIGN_STYLE = Automatic;
				CURRENT_PROJECT_VERSION = 1;
				DEVELOPMENT_TEAM = 8DK8FRQFUT;
				GENERATE_INFOPLIST_FILE = YES;
				MARKETING_VERSION = 1.0;
				PRODUCT_BUNDLE_IDENTIFIER = com.braamenco.SUPERSET25UITests;
				PRODUCT_NAME = "$(TARGET_NAME)";
				SWIFT_EMIT_LOC_STRINGS = NO;
				SWIFT_VERSION = 5.0;
				TARGETED_DEVICE_FAMILY = "1,2";
				TEST_TARGET_NAME = SUPERSET25;
			};
			name = Release;
		};
/* End XCBuildConfiguration section */

/* Begin XCConfigurationList section */
		31EE68CC2D734DB80078F675 /* Build configuration list for PBXProject "SUPERSET25" */ = {
			isa = XCConfigurationList;
			buildConfigurations = (
				31EE68F32D734DB90078F675 /* Debug */,
				31EE68F42D734DB90078F675 /* Release */,
			);
			defaultConfigurationIsVisible = 0;
			defaultConfigurationName = Release;
		};
		31EE68F52D734DB90078F675 /* Build configuration list for PBXNativeTarget "SUPERSET25" */ = {
			isa = XCConfigurationList;
			buildConfigurations = (
				31EE68F62D734DB90078F675 /* Debug */,
				31EE68F72D734DB90078F675 /* Release */,
			);
			defaultConfigurationIsVisible = 0;
			defaultConfigurationName = Release;
		};
		31EE68F82D734DB90078F675 /* Build configuration list for PBXNativeTarget "SUPERSET25Tests" */ = {
			isa = XCConfigurationList;
			buildConfigurations = (
				31EE68F92D734DB90078F675 /* Debug */,
				31EE68FA2D734DB90078F675 /* Release */,
			);
			defaultConfigurationIsVisible = 0;
			defaultConfigurationName = Release;
		};
		31EE68FB2D734DB90078F675 /* Build configuration list for PBXNativeTarget "SUPERSET25UITests" */ = {
			isa = XCConfigurationList;
			buildConfigurations = (
				31EE68FC2D734DB90078F675 /* Debug */,
				31EE68FD2D734DB90078F675 /* Release */,
			);
			defaultConfigurationIsVisible = 0;
			defaultConfigurationName = Release;
		};
/* End XCConfigurationList section */
	};
	rootObject = 31EE68C92D734DB80078F675 /* Project object */;
}
